
Microsoft Visual Studio Solution File, Format Version 12.00
# Visual Studio 14
VisualStudioVersion = 14.0.23107.0
MinimumVisualStudioVersion = 10.0.40219.1
Project("{8BC9CEB8-8B4A-11D0-8D11-00A0C91BC942}") = "Project1", "Project1\Project1.vcxproj", "{310039F5-1584-4E3D-8975-0E84F49B36DD}"
EndProject
Global
	GlobalSection(SolutionConfigurationPlatforms) = preSolution
		Debug|Win32 = Debug|Win32
		Debug|x64 = Debug|x64
		Release|Win32 = Release|Win32
		Release|x64 = Release|x64
	EndGlobalSection
	GlobalSection(ProjectConfigurationPlatforms) = postSolution
		{310039F5-1584-4E3D-8975-0E84F49B36DD}.Debug|Win32.ActiveCfg = Debug|Win32
		{310039F5-1584-4E3D-8975-0E84F49B36DD}.Debug|Win32.Build.0 = Debug|Win32
		{310039F5-1584-4E3D-8975-0E84F49B36DD}.Debug|x64.ActiveCfg = Debug|x64
		{310039F5-1584-4E3D-8975-0E84F49B36DD}.Debug|x64.Build.0 = Debug|x64
		{310039F5-1584-4E3D-8975-0E84F49B36DD}.Release|Win32.ActiveCfg = Release|Win32
		{310039F5-1584-4E3D-8975-0E84F49B36DD}.Release|Win32.Build.0 = Release|Win32
		{310039F5-1584-4E3D-8975-0E84F49B36DD}.Release|x64.ActiveCfg = Release|x64
		{310039F5-1584-4E3D-8975-0E84F49B36DD}.Release|x64.Build.0 = Release|x64
	EndGlobalSection
	GlobalSection(SolutionProperties) = preSolution
		HideSolutionNode = FALSE
	EndGlobalSection
EndGlobal
